Microsoft Visual Studio Solution File, Format Version 11.00
# Visual Studio 2008

Project("{B7255B16-3CE7-A9FB-F89B-7E974AACCA93}") = "Cookie Jump Project File 28th June 2015", "Assembly-CSharp-firstpass.csproj", "{E9D02DF0-A466-DC5D-0849-5636FE80C4EE}"
EndProject
Project("{B7255B16-3CE7-A9FB-F89B-7E974AACCA93}") = "Cookie Jump Project File 28th June 2015", "Assembly-CSharp.csproj", "{ACBF1A5D-3030-65A3-17FA-DF48672EDC6B}"
EndProject
Project("{B7255B16-3CE7-A9FB-F89B-7E974AACCA93}") = "Cookie Jump Project File 28th June 2015", "Assembly-CSharp-Editor.csproj", "{B468417D-7B82-9B6E-C704-A95BAE7C91FC}"
EndProject
Project("{B7255B16-3CE7-A9FB-F89B-7E974AACCA93}") = "Cookie Jump Project File 28th June 2015", "Assembly-UnityScript.unityproj", "{F6A49FEC-B0A6-F1B9-89C5-164B4BCC69A5}"
EndProject
Global
	GlobalSection(SolutionConfigurationPlatforms) = preSolution
		Debug|Any CPU = Debug|Any CPU
		Release|Any CPU = Release|Any CPU
	EndGlobalSection
	GlobalSection(ProjectConfigurationPlatforms) = postSolution
		{E9D02DF0-A466-DC5D-0849-5636FE80C4EE}.Debug|Any CPU.ActiveCfg = Debug|Any CPU
		{E9D02DF0-A466-DC5D-0849-5636FE80C4EE}.Debug|Any CPU.Build.0 = Debug|Any CPU
		{E9D02DF0-A466-DC5D-0849-5636FE80C4EE}.Release|Any CPU.ActiveCfg = Release|Any CPU
		{E9D02DF0-A466-DC5D-0849-5636FE80C4EE}.Release|Any CPU.Build.0 = Release|Any CPU
		{ACBF1A5D-3030-65A3-17FA-DF48672EDC6B}.Debug|Any CPU.ActiveCfg = Debug|Any CPU
		{ACBF1A5D-3030-65A3-17FA-DF48672EDC6B}.Debug|Any CPU.Build.0 = Debug|Any CPU
		{ACBF1A5D-3030-65A3-17FA-DF48672EDC6B}.Release|Any CPU.ActiveCfg = Release|Any CPU
		{ACBF1A5D-3030-65A3-17FA-DF48672EDC6B}.Release|Any CPU.Build.0 = Release|Any CPU
		{B468417D-7B82-9B6E-C704-A95BAE7C91FC}.Debug|Any CPU.ActiveCfg = Debug|Any CPU
		{B468417D-7B82-9B6E-C704-A95BAE7C91FC}.Debug|Any CPU.Build.0 = Debug|Any CPU
		{B468417D-7B82-9B6E-C704-A95BAE7C91FC}.Release|Any CPU.ActiveCfg = Release|Any CPU
		{B468417D-7B82-9B6E-C704-A95BAE7C91FC}.Release|Any CPU.Build.0 = Release|Any CPU
		{F6A49FEC-B0A6-F1B9-89C5-164B4BCC69A5}.Debug|Any CPU.ActiveCfg = Debug|Any CPU
		{F6A49FEC-B0A6-F1B9-89C5-164B4BCC69A5}.Debug|Any CPU.Build.0 = Debug|Any CPU
		{F6A49FEC-B0A6-F1B9-89C5-164B4BCC69A5}.Release|Any CPU.ActiveCfg = Release|Any CPU
		{F6A49FEC-B0A6-F1B9-89C5-164B4BCC69A5}.Release|Any CPU.Build.0 = Release|Any CPU
	EndGlobalSection
	GlobalSection(SolutionProperties) = preSolution
		HideSolutionNode = FALSE
	EndGlobalSection
																																										GlobalSection(MonoDevelopProperties) = preSolution
		StartupItem = Assembly-CSharp.csproj
		Policies = $0
		$0.TextStylePolicy = $1
		$1.inheritsSet = null
		$1.scope = text/x-csharp
		$0.CSharpFormattingPolicy = $2
		$2.inheritsSet = Mono
		$2.inheritsScope = text/x-csharp
		$2.scope = text/x-csharp
		$0.TextStylePolicy = $3
		$3.FileWidth = 120
		$3.TabWidth = 4
		$3.IndentWidth = 4
		$3.EolMarker = Unix
		$3.inheritsSet = Mono
		$3.inheritsScope = text/plain
		$3.scope = text/plain
	EndGlobalSection

EndGlobal
